
Microsoft Visual Studio Solution File, Format Version 12.00
# Visual Studio Version 17
VisualStudioVersion = 17.0.31903.59
MinimumVisualStudioVersion = 10.0.40219.1
Project("{8BC9CEB8-8B4A-11D0-8D11-00A0C91BC942}") = "TamerUniverse", "TamerUniverse.vcxproj", "{C7C20A2B-CC53-420E-A2F1-D040B2AEA551}"
EndProject
Global
	GlobalSection(SolutionConfigurationPlatforms) = preSolution
		Debug|x64 = Debug|x64
		Debug|x86 = Debug|x86
		Release|x64 = Release|x64
		Release|x86 = Release|x86
	EndGlobalSection
	GlobalSection(ProjectConfigurationPlatforms) = postSolution
		{C7C20A2B-CC53-420E-A2F1-D040B2AEA551}.Debug|x64.ActiveCfg = Debug|x64
		{C7C20A2B-CC53-420E-A2F1-D040B2AEA551}.Debug|x64.Build.0 = Debug|x64
		{C7C20A2B-CC53-420E-A2F1-D040B2AEA551}.Debug|x86.ActiveCfg = Debug|Win32
		{C7C20A2B-CC53-420E-A2F1-D040B2AEA551}.Debug|x86.Build.0 = Debug|Win32
		{C7C20A2B-CC53-420E-A2F1-D040B2AEA551}.Release|x64.ActiveCfg = Release|x64
		{C7C20A2B-CC53-420E-A2F1-D040B2AEA551}.Release|x64.Build.0 = Release|x64
		{C7C20A2B-CC53-420E-A2F1-D040B2AEA551}.Release|x86.ActiveCfg = Release|Win32
		{C7C20A2B-CC53-420E-A2F1-D040B2AEA551}.Release|x86.Build.0 = Release|Win32
	EndGlobalSection
	GlobalSection(SolutionProperties) = preSolution
		HideSolutionNode = FALSE
	EndGlobalSection
	GlobalSection(ExtensibilityGlobals) = postSolution
		SolutionGuid = {198EC76D-BFF8-4CD7-A824-106E76124E46}
	EndGlobalSection
EndGlobal
