
Microsoft Visual Studio Solution File, Format Version 12.00
# Visual Studio Version 17
VisualStudioVersion = 17.0.31903.59
MinimumVisualStudioVersion = 10.0.40219.1
Project("{8BC9CEB8-8B4A-11D0-8D11-00A0C91BC942}") = "TamerUniverse-P21", "TamerUniverse-P21\TamerUniverse-P21.vcxproj", "{7C36C67A-C5B3-454B-A20F-F3AE23D34785}"
EndProject
Global
	GlobalSection(SolutionConfigurationPlatforms) = preSolution
		Debug|x64 = Debug|x64
		Debug|x86 = Debug|x86
		Release|x64 = Release|x64
		Release|x86 = Release|x86
	EndGlobalSection
	GlobalSection(ProjectConfigurationPlatforms) = postSolution
		{7C36C67A-C5B3-454B-A20F-F3AE23D34785}.Debug|x64.ActiveCfg = Debug|x64
		{7C36C67A-C5B3-454B-A20F-F3AE23D34785}.Debug|x64.Build.0 = Debug|x64
		{7C36C67A-C5B3-454B-A20F-F3AE23D34785}.Debug|x86.ActiveCfg = Debug|Win32
		{7C36C67A-C5B3-454B-A20F-F3AE23D34785}.Debug|x86.Build.0 = Debug|Win32
		{7C36C67A-C5B3-454B-A20F-F3AE23D34785}.Release|x64.ActiveCfg = Release|x64
		{7C36C67A-C5B3-454B-A20F-F3AE23D34785}.Release|x64.Build.0 = Release|x64
		{7C36C67A-C5B3-454B-A20F-F3AE23D34785}.Release|x86.ActiveCfg = Release|Win32
		{7C36C67A-C5B3-454B-A20F-F3AE23D34785}.Release|x86.Build.0 = Release|Win32
	EndGlobalSection
	GlobalSection(SolutionProperties) = preSolution
		HideSolutionNode = FALSE
	EndGlobalSection
	GlobalSection(ExtensibilityGlobals) = postSolution
		SolutionGuid = {C93F3C5A-B705-4AE1-8416-6842F8CB5E5E}
	EndGlobalSection
EndGlobal
